
Microsoft Visual Studio Solution File, Format Version 12.00
# Visual Studio Version 17
VisualStudioVersion = 17.6.33815.320
MinimumVisualStudioVersion = 10.0.40219.1
Project("{FAE04EC0-301F-11D3-BF4B-00C04F79EFBC}") = "cadgrptools", "cadgrptools\cadgrptools.csproj", "{411525EF-9C61-4988-A867-F3FB81839C94}"
EndProject
Project("{9A19103F-16F7-4668-BE54-9A1E7A4F7556}") = "JSonDI", "JSonDI\JSonDI.csproj", "{2A840469-0316-49EC-BE72-B65DE35B9058}"
EndProject
Project("{2150E333-8FDC-42A3-9474-1A3956D46DE8}") = "Solution Items", "Solution Items", "{8B4DBAF1-6624-4D08-A026-87408E7F7695}"
	ProjectSection(SolutionItems) = preProject
		README.md = README.md
	EndProjectSection
EndProject
Global
	GlobalSection(SolutionConfigurationPlatforms) = preSolution
		Debug|Any CPU = Debug|Any CPU
		Release|Any CPU = Release|Any CPU
	EndGlobalSection
	GlobalSection(ProjectConfigurationPlatforms) = postSolution
		{411525EF-9C61-4988-A867-F3FB81839C94}.Debug|Any CPU.ActiveCfg = Debug|Any CPU
		{411525EF-9C61-4988-A867-F3FB81839C94}.Debug|Any CPU.Build.0 = Debug|Any CPU
		{411525EF-9C61-4988-A867-F3FB81839C94}.Release|Any CPU.ActiveCfg = Release|Any CPU
		{411525EF-9C61-4988-A867-F3FB81839C94}.Release|Any CPU.Build.0 = Release|Any CPU
		{2A840469-0316-49EC-BE72-B65DE35B9058}.Debug|Any CPU.ActiveCfg = Debug|Any CPU
		{2A840469-0316-49EC-BE72-B65DE35B9058}.Debug|Any CPU.Build.0 = Debug|Any CPU
		{2A840469-0316-49EC-BE72-B65DE35B9058}.Release|Any CPU.ActiveCfg = Release|Any CPU
		{2A840469-0316-49EC-BE72-B65DE35B9058}.Release|Any CPU.Build.0 = Release|Any CPU
	EndGlobalSection
	GlobalSection(SolutionProperties) = preSolution
		HideSolutionNode = FALSE
	EndGlobalSection
	GlobalSection(ExtensibilityGlobals) = postSolution
		SolutionGuid = {3CF2408F-358D-4F76-AC4E-C38D07629F04}
	EndGlobalSection
EndGlobal
